
Microsoft Visual Studio Solution File, Format Version 12.00
# Visual Studio Version 17
VisualStudioVersion = 17.4.33213.308
MinimumVisualStudioVersion = 10.0.40219.1
Project("{FAE04EC0-301F-11D3-BF4B-00C04F79EFBC}") = "ServiceA.API", "ServiceA.API\ServiceA.API.csproj", "{AC0CBAB4-5944-4AB0-824E-F58E9AC825F2}"
EndProject
Project("{FAE04EC0-301F-11D3-BF4B-00C04F79EFBC}") = "ServiceB.API", "ServiceB.API\ServiceB.API.csproj", "{92883C2E-D6BF-48A9-B636-0AD34019DCBC}"
EndProject
Global
	GlobalSection(SolutionConfigurationPlatforms) = preSolution
		Debug|Any CPU = Debug|Any CPU
		Release|Any CPU = Release|Any CPU
	EndGlobalSection
	GlobalSection(ProjectConfigurationPlatforms) = postSolution
		{AC0CBAB4-5944-4AB0-824E-F58E9AC825F2}.Debug|Any CPU.ActiveCfg = Debug|Any CPU
		{AC0CBAB4-5944-4AB0-824E-F58E9AC825F2}.Debug|Any CPU.Build.0 = Debug|Any CPU
		{AC0CBAB4-5944-4AB0-824E-F58E9AC825F2}.Release|Any CPU.ActiveCfg = Release|Any CPU
		{AC0CBAB4-5944-4AB0-824E-F58E9AC825F2}.Release|Any CPU.Build.0 = Release|Any CPU
		{92883C2E-D6BF-48A9-B636-0AD34019DCBC}.Debug|Any CPU.ActiveCfg = Debug|Any CPU
		{92883C2E-D6BF-48A9-B636-0AD34019DCBC}.Debug|Any CPU.Build.0 = Debug|Any CPU
		{92883C2E-D6BF-48A9-B636-0AD34019DCBC}.Release|Any CPU.ActiveCfg = Release|Any CPU
		{92883C2E-D6BF-48A9-B636-0AD34019DCBC}.Release|Any CPU.Build.0 = Release|Any CPU
	EndGlobalSection
	GlobalSection(SolutionProperties) = preSolution
		HideSolutionNode = FALSE
	EndGlobalSection
	GlobalSection(ExtensibilityGlobals) = postSolution
		SolutionGuid = {55210C04-AA07-4928-BA6F-A03886F01FF3}
	EndGlobalSection
EndGlobal
